<?xml version="1.0" encoding="utf-8"?>
<Project ToolsVersion="4.0" xmlns="http://schemas.microsoft.com/developer/msbuild/2003">
  <ItemGroup>
    <Filter Include="Engine">
      <UniqueIdentifier>{0df1648b-0f56-4f19-a0f8-86b0fd3c1fac}</UniqueIdentifier>
    </Filter>
    <Filter Include="Resource">
      <UniqueIdentifier>{32e8f178-331e-40e5-8296-dc0d816495a1}</UniqueIdentifier>
    </Filter>
    <Filter Include="Utils">
      <UniqueIdentifier>{4b335f59-3590-47c7-b8ab-53d4fe490758}</UniqueIdentifier>
    </Filter>
    <Filter Include="Shader">
      <UniqueIdentifier>{6845ef9b-b3fe-4863-bbef-9f8aa4885b4b}</UniqueIdentifier>
    </Filter>
  </ItemGroup>
  <ItemGroup>
    <ClCompile Include="pch.cpp">
      <Filter>Utils</Filter>
    </ClCompile>
    <ClCompile Include="EnginePch.cpp">
      <Filter>Utils</Filter>
    </ClCompile>
    <ClCompile Include="Engine.cpp">
      <Filter>Engine</Filter>
    </ClCompile>
    <ClCompile Include="CommandQueue.cpp">
      <Filter>Engine</Filter>
    </ClCompile>
    <ClCompile Include="Device.cpp">
      <Filter>Engine</Filter>
    </ClCompile>
    <ClCompile Include="SwapChain.cpp">
      <Filter>Engine</Filter>
    </ClCompile>
    <ClCompile Include="RootSignature.cpp">
      <Filter>Engine</Filter>
    </ClCompile>
    <ClCompile Include="Mesh.cpp">
      <Filter>Resource</Filter>
    </ClCompile>
    <ClCompile Include="Shader.cpp">
      <Filter>Resource</Filter>
    </ClCompile>
  </ItemGroup>
  <ItemGroup>
    <ClInclude Include="pch.h">
      <Filter>Utils</Filter>
    </ClInclude>
    <ClInclude Include="EnginePch.h">
      <Filter>Utils</Filter>
    </ClInclude>
    <ClInclude Include="d3dx12.h">
      <Filter>Utils</Filter>
    </ClInclude>
    <ClInclude Include="Engine.h">
      <Filter>Engine</Filter>
    </ClInclude>
    <ClInclude Include="CommandQueue.h">
      <Filter>Engine</Filter>
    </ClInclude>
    <ClInclude Include="Device.h">
      <Filter>Engine</Filter>
    </ClInclude>
    <ClInclude Include="SwapChain.h">
      <Filter>Engine</Filter>
    </ClInclude>
    <ClInclude Include="RootSignature.h">
      <Filter>Engine</Filter>
    </ClInclude>
    <ClInclude Include="Mesh.h">
      <Filter>Resource</Filter>
    </ClInclude>
    <ClInclude Include="Shader.h">
      <Filter>Resource</Filter>
    </ClInclude>
  </ItemGroup>
  <ItemGroup>
    <None Include="..\Resources\Shader\default.hlsli">
      <Filter>Shader</Filter>
    </None>
  </ItemGroup>
</Project>